{
  "requires": true,
  "lockfileVersion": 1,
  "dependencies": {
    "@intlify/core-base": {
      "version": "9.2.0-beta.39",
      "resolved": "https://registry.npmmirror.com/@intlify/core-base/-/core-base-9.2.0-beta.39.tgz",
      "integrity": "sha512-DqPzEIySetW7+m01w9dj0NT6YOsNL+O/qC8QL6rdUPVwCzOhFoILuANruu81qL645TMNi1bClLAIkC5DUKqJJg==",
      "requires": {
        "@intlify/devtools-if": "9.2.0-beta.39",
        "@intlify/message-compiler": "9.2.0-beta.39",
        "@intlify/shared": "9.2.0-beta.39",
        "@intlify/vue-devtools": "9.2.0-beta.39"
      }
    },
    "@intlify/devtools-if": {
      "version": "9.2.0-beta.39",
      "resolved": "https://registry.npmmirror.com/@intlify/devtools-if/-/devtools-if-9.2.0-beta.39.tgz",
      "integrity": "sha512-Xc72sohlnI18ZbV1JdCi2uSHMD9njva2+2tat4cdGAczz6WZOQmGaCsH7hkUwljMWLseTOiPFDEIguQDkdvROg==",
      "requires": {
        "@intlify/shared": "9.2.0-beta.39"
      }
    },
    "@intlify/message-compiler": {
      "version": "9.2.0-beta.39",
      "resolved": "https://registry.npmmirror.com/@intlify/message-compiler/-/message-compiler-9.2.0-beta.39.tgz",
      "integrity": "sha512-wHb3zzk/H3Wfx9U/SaXVenQ/qq2suqJMl/ppu+IdyGGMZxqC57zFqkgwWxEpqP4DzGeisjHe2myjLZQyV1haEQ==",
      "requires": {
        "@intlify/shared": "9.2.0-beta.39",
        "source-map": "0.6.1"
      }
    },
    "@intlify/shared": {
      "version": "9.2.0-beta.39",
      "resolved": "https://registry.npmmirror.com/@intlify/shared/-/shared-9.2.0-beta.39.tgz",
      "integrity": "sha512-FqzpkZVk/cTsywWc4mVbI2/fDQwYm8oXVwi7yuassiLps3yJK7P0s6grZaaXIX8gMODNLjJtJPd2KEOSj1lUyw=="
    },
    "@intlify/vue-devtools": {
      "version": "9.2.0-beta.39",
      "resolved": "https://registry.npmmirror.com/@intlify/vue-devtools/-/vue-devtools-9.2.0-beta.39.tgz",
      "integrity": "sha512-ZS+feG3k+0IR12qkNCdSoM+iAR2xBW/H1neRPlOCrHUT0cejSHrNMrPrZYFHHXVwqxzeXZVlrv8lzCJP3VFkjQ==",
      "requires": {
        "@intlify/core-base": "9.2.0-beta.39",
        "@intlify/shared": "9.2.0-beta.39"
      }
    },
    "@types/node": {
      "version": "18.7.3",
      "resolved": "https://registry.npmmirror.com/@types/node/-/node-18.7.3.tgz",
      "integrity": "sha512-LJgzOEwWuMTBxHzgBR/fhhBOWrvBjvO+zPteUgbbuQi80rYIZHrk1mNbRUqPZqSLP2H7Rwt1EFLL/tNLD1Xx/w==",
      "dev": true
    },
    "@webassemblyjs/ast": {
      "version": "1.9.0",
      "resolved": "https://registry.npmmirror.com/@webassemblyjs/ast/download/@webassemblyjs/ast-1.9.0.tgz",
      "integrity": "sha1-vYUGBLQEJFmlpBzX0zjL7Wle2WQ=",
      "requires": {
        "@webassemblyjs/helper-module-context": "1.9.0",
        "@webassemblyjs/helper-wasm-bytecode": "1.9.0",
        "@webassemblyjs/wast-parser": "1.9.0"
      }
    },
    "@webassemblyjs/floating-point-hex-parser": {
      "version": "1.9.0",
      "resolved": "https://registry.npmmirror.com/@webassemblyjs/floating-point-hex-parser/download/@webassemblyjs/floating-point-hex-parser-1.9.0.tgz",
      "integrity": "sha1-PD07Jxvd/ITesA9xNEQ4MR1S/7Q="
    },
    "@webassemblyjs/helper-api-error": {
      "version": "1.9.0",
      "resolved": "https://registry.npmmirror.com/@webassemblyjs/helper-api-error/download/@webassemblyjs/helper-api-error-1.9.0.tgz",
      "integrity": "sha1-ID9nbjM7lsnaLuqzzO8zxFkotqI="
    },
    "@webassemblyjs/helper-code-frame": {
      "version": "1.9.0",
      "resolved": "https://registry.npmmirror.com/@webassemblyjs/helper-code-frame/download/@webassemblyjs/helper-code-frame-1.9.0.tgz",
      "integrity": "sha1-ZH+Iks0gQ6gqwMjF51w28dkVnyc=",
      "requires": {
        "@webassemblyjs/wast-printer": "1.9.0"
      }
    },
    "@webassemblyjs/helper-fsm": {
      "version": "1.9.0",
      "resolved": "https://registry.npmmirror.com/@webassemblyjs/helper-fsm/download/@webassemblyjs/helper-fsm-1.9.0.tgz",
      "integrity": "sha1-wFJWtxJEIUZx9LCOwQitY7cO3bg="
    },
    "@webassemblyjs/helper-module-context": {
      "version": "1.9.0",
      "resolved": "https://registry.npmmirror.com/@webassemblyjs/helper-module-context/download/@webassemblyjs/helper-module-context-1.9.0.tgz",
      "integrity": "sha1-JdiIS3aDmHGgimxvgGw5ee9xLwc=",
      "requires": {
        "@webassemblyjs/ast": "1.9.0"
      }
    },
    "@webassemblyjs/helper-wasm-bytecode": {
      "version": "1.9.0",
      "resolved": "https://registry.npmmirror.com/@webassemblyjs/helper-wasm-bytecode/download/@webassemblyjs/helper-wasm-bytecode-1.9.0.tgz",
      "integrity": "sha1-T+2L6sm4wU+MWLcNEk1UndH+V5A="
    },
    "@webassemblyjs/wast-parser": {
      "version": "1.9.0",
      "resolved": "https://registry.npmmirror.com/@webassemblyjs/wast-parser/download/@webassemblyjs/wast-parser-1.9.0.tgz",
      "integrity": "sha1-MDERXXmsW9JhVWzsw/qQo+9FGRQ=",
      "requires": {
        "@webassemblyjs/ast": "1.9.0",
        "@webassemblyjs/floating-point-hex-parser": "1.9.0",
        "@webassemblyjs/helper-api-error": "1.9.0",
        "@webassemblyjs/helper-code-frame": "1.9.0",
        "@webassemblyjs/helper-fsm": "1.9.0",
        "@xtuc/long": "4.2.2"
      }
    },
    "@webassemblyjs/wast-printer": {
      "version": "1.9.0",
      "resolved": "https://registry.npmmirror.com/@webassemblyjs/wast-printer/download/@webassemblyjs/wast-printer-1.9.0.tgz",
      "integrity": "sha1-STXVTIX+9jewDOn1I3dFHQDUeJk=",
      "requires": {
        "@webassemblyjs/ast": "1.9.0",
        "@webassemblyjs/wast-parser": "1.9.0",
        "@xtuc/long": "4.2.2"
      }
    },
    "@xtuc/long": {
      "version": "4.2.2",
      "resolved": "https://registry.npmmirror.com/@xtuc/long/download/@xtuc/long-4.2.2.tgz",
      "integrity": "sha1-0pHGpOl5ibXGHZrPOWrk/hM6cY0="
    },
    "source-map": {
      "version": "0.6.1",
      "resolved": "https://registry.npmmirror.com/source-map/download/source-map-0.6.1.tgz",
      "integrity": "sha1-dHIq8y6WFOnCh6jQu95IteLxomM="
    }
  }
}
